
Microsoft Visual Studio Solution File, Format Version 12.00
# Visual Studio 15
VisualStudioVersion = 15.0.28307.329
MinimumVisualStudioVersion = 10.0.40219.1
Project("{FAE04EC0-301F-11D3-BF4B-00C04F79EFBC}") = "Conway's_Game_Of_Life", "Conway's_Game_Of_Life\Conway's_Game_Of_Life.csproj", "{51B5DAF1-1408-4D3E-B3B1-CB795DEF5134}"
EndProject
Project("{FAE04EC0-301F-11D3-BF4B-00C04F79EFBC}") = "Logic_Elements", "Logic_Elements\Logic_Elements.csproj", "{15FCFCE3-FCCB-4A40-9A6C-2BFF3AA36571}"
EndProject
Global
	GlobalSection(SolutionConfigurationPlatforms) = preSolution
		Debug|Any CPU = Debug|Any CPU
		Release|Any CPU = Release|Any CPU
	EndGlobalSection
	GlobalSection(ProjectConfigurationPlatforms) = postSolution
		{51B5DAF1-1408-4D3E-B3B1-CB795DEF5134}.Debug|Any CPU.ActiveCfg = Debug|Any CPU
		{51B5DAF1-1408-4D3E-B3B1-CB795DEF5134}.Debug|Any CPU.Build.0 = Debug|Any CPU
		{51B5DAF1-1408-4D3E-B3B1-CB795DEF5134}.Release|Any CPU.ActiveCfg = Debug|Any CPU
		{51B5DAF1-1408-4D3E-B3B1-CB795DEF5134}.Release|Any CPU.Build.0 = Debug|Any CPU
		{15FCFCE3-FCCB-4A40-9A6C-2BFF3AA36571}.Debug|Any CPU.ActiveCfg = Debug|Any CPU
		{15FCFCE3-FCCB-4A40-9A6C-2BFF3AA36571}.Debug|Any CPU.Build.0 = Debug|Any CPU
		{15FCFCE3-FCCB-4A40-9A6C-2BFF3AA36571}.Release|Any CPU.ActiveCfg = Release|Any CPU
		{15FCFCE3-FCCB-4A40-9A6C-2BFF3AA36571}.Release|Any CPU.Build.0 = Release|Any CPU
	EndGlobalSection
	GlobalSection(SolutionProperties) = preSolution
		HideSolutionNode = FALSE
	EndGlobalSection
	GlobalSection(ExtensibilityGlobals) = postSolution
		SolutionGuid = {B7D0B87E-2413-4A62-9FD5-14A01940BE6A}
	EndGlobalSection
EndGlobal
